
Microsoft Visual Studio Solution File, Format Version 12.00
# Visual Studio Version 16
VisualStudioVersion = 16.0.29613.14
MinimumVisualStudioVersion = 10.0.40219.1
Project("{FAE04EC0-301F-11D3-BF4B-00C04F79EFBC}") = "ByteBankSistemaInterno", "ByteBankSistemaInterno\ByteBankSistemaInterno.csproj", "{79A2833F-9A10-4ECB-A222-7A6EE6E2F39D}"
EndProject
Global
	GlobalSection(SolutionConfigurationPlatforms) = preSolution
		Debug|Any CPU = Debug|Any CPU
		Release|Any CPU = Release|Any CPU
	EndGlobalSection
	GlobalSection(ProjectConfigurationPlatforms) = postSolution
		{79A2833F-9A10-4ECB-A222-7A6EE6E2F39D}.Debug|Any CPU.ActiveCfg = Debug|Any CPU
		{79A2833F-9A10-4ECB-A222-7A6EE6E2F39D}.Debug|Any CPU.Build.0 = Debug|Any CPU
		{79A2833F-9A10-4ECB-A222-7A6EE6E2F39D}.Release|Any CPU.ActiveCfg = Release|Any CPU
		{79A2833F-9A10-4ECB-A222-7A6EE6E2F39D}.Release|Any CPU.Build.0 = Release|Any CPU
	EndGlobalSection
	GlobalSection(SolutionProperties) = preSolution
		HideSolutionNode = FALSE
	EndGlobalSection
	GlobalSection(ExtensibilityGlobals) = postSolution
		SolutionGuid = {F2BDF109-4B4F-4C8B-9246-C8784ADFABA7}
	EndGlobalSection
EndGlobal
