
Microsoft Visual Studio Solution File, Format Version 12.00
# Visual Studio Version 16
VisualStudioVersion = 16.0.29613.14
MinimumVisualStudioVersion = 10.0.40219.1
Project("{FAE04EC0-301F-11D3-BF4B-00C04F79EFBC}") = "ByteBankSistemaAgencia", "ByteBankSistemaAgencia\ByteBankSistemaAgencia.csproj", "{4EA5284E-A596-4749-8564-5F6FD4B32231}"
EndProject
Project("{FAE04EC0-301F-11D3-BF4B-00C04F79EFBC}") = "ByteBankModelos", "ByteBankModelos\ByteBankModelos.csproj", "{8A5735D0-22A1-48D9-8051-0D00D7EF049C}"
EndProject
Global
	GlobalSection(SolutionConfigurationPlatforms) = preSolution
		Debug|Any CPU = Debug|Any CPU
		Release|Any CPU = Release|Any CPU
	EndGlobalSection
	GlobalSection(ProjectConfigurationPlatforms) = postSolution
		{4EA5284E-A596-4749-8564-5F6FD4B32231}.Debug|Any CPU.ActiveCfg = Debug|Any CPU
		{4EA5284E-A596-4749-8564-5F6FD4B32231}.Debug|Any CPU.Build.0 = Debug|Any CPU
		{4EA5284E-A596-4749-8564-5F6FD4B32231}.Release|Any CPU.ActiveCfg = Release|Any CPU
		{4EA5284E-A596-4749-8564-5F6FD4B32231}.Release|Any CPU.Build.0 = Release|Any CPU
		{8A5735D0-22A1-48D9-8051-0D00D7EF049C}.Debug|Any CPU.ActiveCfg = Debug|Any CPU
		{8A5735D0-22A1-48D9-8051-0D00D7EF049C}.Debug|Any CPU.Build.0 = Debug|Any CPU
		{8A5735D0-22A1-48D9-8051-0D00D7EF049C}.Release|Any CPU.ActiveCfg = Release|Any CPU
		{8A5735D0-22A1-48D9-8051-0D00D7EF049C}.Release|Any CPU.Build.0 = Release|Any CPU
	EndGlobalSection
	GlobalSection(SolutionProperties) = preSolution
		HideSolutionNode = FALSE
	EndGlobalSection
	GlobalSection(ExtensibilityGlobals) = postSolution
		SolutionGuid = {76BF12D8-9673-486A-8147-624200AA7CAB}
	EndGlobalSection
EndGlobal
